
Microsoft Visual Studio Solution File, Format Version 12.00
# Visual Studio Version 17
VisualStudioVersion = 17.13.35828.75
MinimumVisualStudioVersion = 10.0.40219.1
Project("{2150E333-8FDC-42A3-9474-1A3956D46DE8}") = "src", "src", "{02EA681E-C7D8-13C7-8484-4AC65E1B71E8}"
EndProject
Project("{FAE04EC0-301F-11D3-BF4B-00C04F79EFBC}") = "BlazingBlog.WebUI.Server", "BlazingBlog.WebUI.Server\BlazingBlog.WebUI.Server.csproj", "{83CCD85C-1E63-467F-90B9-0FFBE852DF25}"
EndProject
Project("{FAE04EC0-301F-11D3-BF4B-00C04F79EFBC}") = "BlazingBlog.Domain", "BlazingBlog.Domain\BlazingBlog.Domain.csproj", "{BFF3519D-6977-42ED-991F-FAE4DE59BE52}"
EndProject
Project("{FAE04EC0-301F-11D3-BF4B-00C04F79EFBC}") = "BlazingBlog.Application", "BlazingBlog.Application\BlazingBlog.Application.csproj", "{8E1D5C4B-576F-4243-B349-7A8D111E6654}"
EndProject
Global
	GlobalSection(SolutionConfigurationPlatforms) = preSolution
		Debug|Any CPU = Debug|Any CPU
		Release|Any CPU = Release|Any CPU
	EndGlobalSection
	GlobalSection(ProjectConfigurationPlatforms) = postSolution
		{83CCD85C-1E63-467F-90B9-0FFBE852DF25}.Debug|Any CPU.ActiveCfg = Debug|Any CPU
		{83CCD85C-1E63-467F-90B9-0FFBE852DF25}.Debug|Any CPU.Build.0 = Debug|Any CPU
		{83CCD85C-1E63-467F-90B9-0FFBE852DF25}.Release|Any CPU.ActiveCfg = Release|Any CPU
		{83CCD85C-1E63-467F-90B9-0FFBE852DF25}.Release|Any CPU.Build.0 = Release|Any CPU
		{BFF3519D-6977-42ED-991F-FAE4DE59BE52}.Debug|Any CPU.ActiveCfg = Debug|Any CPU
		{BFF3519D-6977-42ED-991F-FAE4DE59BE52}.Debug|Any CPU.Build.0 = Debug|Any CPU
		{BFF3519D-6977-42ED-991F-FAE4DE59BE52}.Release|Any CPU.ActiveCfg = Release|Any CPU
		{BFF3519D-6977-42ED-991F-FAE4DE59BE52}.Release|Any CPU.Build.0 = Release|Any CPU
		{8E1D5C4B-576F-4243-B349-7A8D111E6654}.Debug|Any CPU.ActiveCfg = Debug|Any CPU
		{8E1D5C4B-576F-4243-B349-7A8D111E6654}.Debug|Any CPU.Build.0 = Debug|Any CPU
		{8E1D5C4B-576F-4243-B349-7A8D111E6654}.Release|Any CPU.ActiveCfg = Release|Any CPU
		{8E1D5C4B-576F-4243-B349-7A8D111E6654}.Release|Any CPU.Build.0 = Release|Any CPU
	EndGlobalSection
	GlobalSection(SolutionProperties) = preSolution
		HideSolutionNode = FALSE
	EndGlobalSection
	GlobalSection(NestedProjects) = preSolution
		{83CCD85C-1E63-467F-90B9-0FFBE852DF25} = {02EA681E-C7D8-13C7-8484-4AC65E1B71E8}
		{BFF3519D-6977-42ED-991F-FAE4DE59BE52} = {02EA681E-C7D8-13C7-8484-4AC65E1B71E8}
		{8E1D5C4B-576F-4243-B349-7A8D111E6654} = {02EA681E-C7D8-13C7-8484-4AC65E1B71E8}
	EndGlobalSection
	GlobalSection(ExtensibilityGlobals) = postSolution
		SolutionGuid = {1850BD0B-1662-4D7D-AE86-49B95BB8DD81}
	EndGlobalSection
EndGlobal
